Microsoft Visual Studio Solution File, Format Version 11.00
# Visual Studio 2008

Project("{61D75804-F845-23A0-59B0-44F26A6DED04}") = "MultiplayerParty", "Assembly-CSharp-firstpass.csproj", "{1C497DF8-2565-2C34-28A5-441766B39F48}"
EndProject
Project("{61D75804-F845-23A0-59B0-44F26A6DED04}") = "MultiplayerParty", "Assembly-CSharp.csproj", "{4F38E274-2AA3-6E4E-0001-00984B7EF2D3}"
EndProject
Project("{61D75804-F845-23A0-59B0-44F26A6DED04}") = "MultiplayerParty", "Assembly-CSharp-Editor.csproj", "{221E1DD1-0E9D-8767-9BB4-A9442C06EC21}"
EndProject
Global
	GlobalSection(SolutionConfigurationPlatforms) = preSolution
		Debug|Any CPU = Debug|Any CPU
		Release|Any CPU = Release|Any CPU
	EndGlobalSection
	GlobalSection(ProjectConfigurationPlatforms) = postSolution
		{1C497DF8-2565-2C34-28A5-441766B39F48}.Debug|Any CPU.ActiveCfg = Debug|Any CPU
		{1C497DF8-2565-2C34-28A5-441766B39F48}.Debug|Any CPU.Build.0 = Debug|Any CPU
		{1C497DF8-2565-2C34-28A5-441766B39F48}.Release|Any CPU.ActiveCfg = Release|Any CPU
		{1C497DF8-2565-2C34-28A5-441766B39F48}.Release|Any CPU.Build.0 = Release|Any CPU
		{4F38E274-2AA3-6E4E-0001-00984B7EF2D3}.Debug|Any CPU.ActiveCfg = Debug|Any CPU
		{4F38E274-2AA3-6E4E-0001-00984B7EF2D3}.Debug|Any CPU.Build.0 = Debug|Any CPU
		{4F38E274-2AA3-6E4E-0001-00984B7EF2D3}.Release|Any CPU.ActiveCfg = Release|Any CPU
		{4F38E274-2AA3-6E4E-0001-00984B7EF2D3}.Release|Any CPU.Build.0 = Release|Any CPU
		{221E1DD1-0E9D-8767-9BB4-A9442C06EC21}.Debug|Any CPU.ActiveCfg = Debug|Any CPU
		{221E1DD1-0E9D-8767-9BB4-A9442C06EC21}.Debug|Any CPU.Build.0 = Debug|Any CPU
		{221E1DD1-0E9D-8767-9BB4-A9442C06EC21}.Release|Any CPU.ActiveCfg = Release|Any CPU
		{221E1DD1-0E9D-8767-9BB4-A9442C06EC21}.Release|Any CPU.Build.0 = Release|Any CPU
	EndGlobalSection
	GlobalSection(SolutionProperties) = preSolution
		HideSolutionNode = FALSE
	EndGlobalSection
	GlobalSection(MonoDevelopProperties) = preSolution
		StartupItem = Assembly-CSharp.csproj
	EndGlobalSection
EndGlobal
